github.com/arduino/go-paths-helper v1.0.1 h1:utYXLM2RfFlc9qp/MJTIYp3t6ux/xM6mWjeEb/WLK4Q=
github.com/arduino/go-paths-helper v1.0.1/go.mod h1:HpxtKph+g238EJHq4geEPv9p+gl3v5YYu35Yb+w31Ck=
github.com/arduino/go-properties-orderedmap v1.4.0 h1:YEbbzPqm1gXWDM/Jaq8tlvmh09z2qeHPJTUw9/VA4Dk=
github.com/arduino/go-properties-orderedmap v1.4.0/go.mod h1:DKjD2VXY/NZmlingh4lSFMEYCVubfeArCsGPGDwb2yk=
github.com/davecgh/go-spew v1.1.0 h1:ZDRjVQ15GmhC3fiQ8ni8+OwkZQO4DARzQgrnXU1Liz8=
github.com/davecgh/go-spew v1.1.0/go.mod h1:J7Y8YcW2NihsgmVo/mv3lAwl/skON4iLHjSsI+c5H38=
github.com/gorilla/websocket v1.4.0 h1:WDFjx/TMzVgy9VdMMQi2K2Emtwi2QcUQsztZ/zLaH/Q=
github.com/gorilla/websocket v1.4.0/go.mod h1:E7qHFY5m1UJ88s3WnNqhKjPHQ0heANvMoAMk2YaljkQ=
github.com/gorilla/websocket v1.4.1/go.mod h1:YR8l580nyteQvAITg2hZ9XVh4b55+EU/adAjf1fMHhE=
github.com/pkg/errors v0.8.1 h1:iURUrRGxPUNPdy5/HRSm+Yj6okJ6UtLINN0Q9M4+h3I=
github.com/pkg/errors v0.8.1/go.mod h1:bwawxfHBFNV+L2hUp1rHADufV3IMtnDRdf1r5NINEl0=
github.com/pkg/errors v0.9.1 h1:FEBLx1zS214owpjy7qsBeixbURkuhQAwrK5UwLGTwt4=
github.com/pkg/errors v0.9.1/go.mod h1:bwawxfHBFNV+L2hUp1rHADufV3IMtnDRdf1r5NINEl0=
github.com/pmezard/go-difflib v1.0.0 h1:4DBwDE0NGyQoBHbLQYPwSUPoCMWR5BEzIk/f1lZbAQM=
github.com/pmezard/go-difflib v1.0.0/go.mod h1:iKH77koFhYxTK1pcRnkKkqfTogsbg7gZNVY4sRDYZ/4=
github.com/sourcegraph/go-lsp v0.0.0-20181119182933-0c7d621186c1 h1:O1d7nVzpGmP5pGAZBSlp9TSpjNwwI0xThxhPd9oVJuU=
github.com/sourcegraph/go-lsp v0.0.0-20181119182933-0c7d621186c1/go.mod h1:tpps84QRlOVVLYk5QpKYX8Tr289D1v/UTWDLqeguiqM=
github.com/sourcegraph/go-lsp v0.0.0-20200429204803-219e11d77f5d h1:afLbh+ltiygTOB37ymZVwKlJwWZn+86syPTbrrOAydY=
github.com/sourcegraph/go-lsp v0.0.0-20200429204803-219e11d77f5d/go.mod h1:SULmZY7YNBsvNiQbrb/BEDdEJ84TGnfyUQxaHt8t8rY=
github.com/sourcegraph/jsonrpc2 v0.0.0-20190106185902-35a74f039c6a h1:jTZwOlrDhmk4Ez2vhWh7kA0eKUahp1lCO2uyM4fi/Qk=
github.com/sourcegraph/jsonrpc2 v0.0.0-20190106185902-35a74f039c6a/go.mod h1:eESpbCslcLDs8j2D7IEdGVgul7xuk9odqDTaor30IUU=
github.com/sourcegraph/jsonrpc2 v0.0.0-20200429184054-15c2290dcb37 h1:marA1XQDC7N870zmSFIoHZpIUduK80USeY0Rkuflgp4=
github.com/sourcegraph/jsonrpc2 v0.0.0-20200429184054-15c2290dcb37/go.mod h1:ZafdZgk/axhT1cvZAPOhw+95nz2I/Ra5qMlU4gTRwIo=
github.com/stretchr/objx v0.1.0/go.mod h1:HFkY916IF+rwdDfMAkV7OtwuqBVzrE8GR6GFx+wExME=
github.com/stretchr/testify v1.3.0 h1:TivCn/peBQ7UY8ooIcPgZFpTNSz0Q2U6UrFlUfqbe0Q=
github.com/stretchr/testify v1.3.0/go.mod h1:M5WIy9Dh21IEIfnGCwXGc5bZfKNJtfHm1UVUgZn+9EI=
